
Microsoft Visual Studio Solution File, Format Version 12.00
# Visual Studio Version 17
VisualStudioVersion = 17.5.002.0
MinimumVisualStudioVersion = 10.0.40219.1
Project("{9A19103F-16F7-4668-BE54-9A1E7A4F7556}") = "AsyncASP.NETCore6WebAPI", "Books.Api\AsyncASP.NETCore6WebAPI.csproj", "{7823EE0C-FD30-4C99-B497-AE4E41F58AC4}"
EndProject
Global
	GlobalSection(SolutionConfigurationPlatforms) = preSolution
		Debug|Any CPU = Debug|Any CPU
		Release|Any CPU = Release|Any CPU
	EndGlobalSection
	GlobalSection(ProjectConfigurationPlatforms) = postSolution
		{7823EE0C-FD30-4C99-B497-AE4E41F58AC4}.Debug|Any CPU.ActiveCfg = Debug|Any CPU
		{7823EE0C-FD30-4C99-B497-AE4E41F58AC4}.Debug|Any CPU.Build.0 = Debug|Any CPU
		{7823EE0C-FD30-4C99-B497-AE4E41F58AC4}.Release|Any CPU.ActiveCfg = Release|Any CPU
		{7823EE0C-FD30-4C99-B497-AE4E41F58AC4}.Release|Any CPU.Build.0 = Release|Any CPU
	EndGlobalSection
	GlobalSection(SolutionProperties) = preSolution
		HideSolutionNode = FALSE
	EndGlobalSection
	GlobalSection(ExtensibilityGlobals) = postSolution
		SolutionGuid = {ACF6E66B-D090-4F65-8B0F-CD376F8A336C}
	EndGlobalSection
EndGlobal
